
Microsoft Visual Studio Solution File, Format Version 12.00
# Visual Studio Version 17
VisualStudioVersion = 17.8.34330.188
MinimumVisualStudioVersion = 10.0.40219.1
Project("{FAE04EC0-301F-11D3-BF4B-00C04F79EFBC}") = "DataAccess", "DataAccess\DataAccess.csproj", "{9AC195F0-57D2-4779-8AEB-90141FC08B06}"
EndProject
Project("{FAE04EC0-301F-11D3-BF4B-00C04F79EFBC}") = "Business", "Business\Business.csproj", "{4FC3762B-0F7F-4487-A5F7-DAF85EC65910}"
EndProject
Project("{FAE04EC0-301F-11D3-BF4B-00C04F79EFBC}") = "Entities", "Entities\Entities.csproj", "{9BE49F87-5DC9-41A8-AAB8-04F1BFBC0230}"
EndProject
Project("{FAE04EC0-301F-11D3-BF4B-00C04F79EFBC}") = "ConsoleUI", "ConsoleUI\ConsoleUI.csproj", "{DBF70D46-0AAE-450B-84AD-0DCE3A6DC1C4}"
EndProject
Global
	GlobalSection(SolutionConfigurationPlatforms) = preSolution
		Debug|Any CPU = Debug|Any CPU
		Release|Any CPU = Release|Any CPU
	EndGlobalSection
	GlobalSection(ProjectConfigurationPlatforms) = postSolution
		{9AC195F0-57D2-4779-8AEB-90141FC08B06}.Debug|Any CPU.ActiveCfg = Debug|Any CPU
		{9AC195F0-57D2-4779-8AEB-90141FC08B06}.Debug|Any CPU.Build.0 = Debug|Any CPU
		{9AC195F0-57D2-4779-8AEB-90141FC08B06}.Release|Any CPU.ActiveCfg = Release|Any CPU
		{9AC195F0-57D2-4779-8AEB-90141FC08B06}.Release|Any CPU.Build.0 = Release|Any CPU
		{4FC3762B-0F7F-4487-A5F7-DAF85EC65910}.Debug|Any CPU.ActiveCfg = Debug|Any CPU
		{4FC3762B-0F7F-4487-A5F7-DAF85EC65910}.Debug|Any CPU.Build.0 = Debug|Any CPU
		{4FC3762B-0F7F-4487-A5F7-DAF85EC65910}.Release|Any CPU.ActiveCfg = Release|Any CPU
		{4FC3762B-0F7F-4487-A5F7-DAF85EC65910}.Release|Any CPU.Build.0 = Release|Any CPU
		{9BE49F87-5DC9-41A8-AAB8-04F1BFBC0230}.Debug|Any CPU.ActiveCfg = Debug|Any CPU
		{9BE49F87-5DC9-41A8-AAB8-04F1BFBC0230}.Debug|Any CPU.Build.0 = Debug|Any CPU
		{9BE49F87-5DC9-41A8-AAB8-04F1BFBC0230}.Release|Any CPU.ActiveCfg = Release|Any CPU
		{9BE49F87-5DC9-41A8-AAB8-04F1BFBC0230}.Release|Any CPU.Build.0 = Release|Any CPU
		{DBF70D46-0AAE-450B-84AD-0DCE3A6DC1C4}.Debug|Any CPU.ActiveCfg = Debug|Any CPU
		{DBF70D46-0AAE-450B-84AD-0DCE3A6DC1C4}.Debug|Any CPU.Build.0 = Debug|Any CPU
		{DBF70D46-0AAE-450B-84AD-0DCE3A6DC1C4}.Release|Any CPU.ActiveCfg = Release|Any CPU
		{DBF70D46-0AAE-450B-84AD-0DCE3A6DC1C4}.Release|Any CPU.Build.0 = Release|Any CPU
	EndGlobalSection
	GlobalSection(SolutionProperties) = preSolution
		HideSolutionNode = FALSE
	EndGlobalSection
	GlobalSection(ExtensibilityGlobals) = postSolution
		SolutionGuid = {668E94C3-72F1-4FCB-A939-FB3421C683B3}
	EndGlobalSection
EndGlobal
